
Microsoft Visual Studio Solution File, Format Version 12.00
# Visual Studio Version 17
VisualStudioVersion = 17.4.33205.214
MinimumVisualStudioVersion = 10.0.40219.1
Project("{8BC9CEB8-8B4A-11D0-8D11-00A0C91BC942}") = "IOCPServer", "IOCPServer\IOCPServer.vcxproj", "{1BA95437-B721-45B0-B467-FB9BF139E0F9}"
EndProject
Project("{8BC9CEB8-8B4A-11D0-8D11-00A0C91BC942}") = "DummyClient", "DummyClient\DummyClient.vcxproj", "{B8A83663-473C-4257-99E6-58B09D60A854}"
EndProject
Project("{8BC9CEB8-8B4A-11D0-8D11-00A0C91BC942}") = "SocketTester_Server", "SocketTester_Server\SocketTester_Server.vcxproj", "{404782C0-E176-4D0C-B9EF-D593C9CA097E}"
EndProject
Project("{8BC9CEB8-8B4A-11D0-8D11-00A0C91BC942}") = "SocketTester_Client", "SocketTester_Client\SocketTester_Client.vcxproj", "{F1AA9BC9-F6F5-4002-9293-D85E6365CB9C}"
EndProject
Global
	GlobalSection(SolutionConfigurationPlatforms) = preSolution
		Debug|x64 = Debug|x64
		Debug|x86 = Debug|x86
		Release|x64 = Release|x64
		Release|x86 = Release|x86
	EndGlobalSection
	GlobalSection(ProjectConfigurationPlatforms) = postSolution
		{1BA95437-B721-45B0-B467-FB9BF139E0F9}.Debug|x64.ActiveCfg = Debug|x64
		{1BA95437-B721-45B0-B467-FB9BF139E0F9}.Debug|x64.Build.0 = Debug|x64
		{1BA95437-B721-45B0-B467-FB9BF139E0F9}.Debug|x86.ActiveCfg = Debug|Win32
		{1BA95437-B721-45B0-B467-FB9BF139E0F9}.Debug|x86.Build.0 = Debug|Win32
		{1BA95437-B721-45B0-B467-FB9BF139E0F9}.Release|x64.ActiveCfg = Release|x64
		{1BA95437-B721-45B0-B467-FB9BF139E0F9}.Release|x64.Build.0 = Release|x64
		{1BA95437-B721-45B0-B467-FB9BF139E0F9}.Release|x86.ActiveCfg = Release|Win32
		{1BA95437-B721-45B0-B467-FB9BF139E0F9}.Release|x86.Build.0 = Release|Win32
		{B8A83663-473C-4257-99E6-58B09D60A854}.Debug|x64.ActiveCfg = Debug|x64
		{B8A83663-473C-4257-99E6-58B09D60A854}.Debug|x64.Build.0 = Debug|x64
		{B8A83663-473C-4257-99E6-58B09D60A854}.Debug|x86.ActiveCfg = Debug|Win32
		{B8A83663-473C-4257-99E6-58B09D60A854}.Debug|x86.Build.0 = Debug|Win32
		{B8A83663-473C-4257-99E6-58B09D60A854}.Release|x64.ActiveCfg = Release|x64
		{B8A83663-473C-4257-99E6-58B09D60A854}.Release|x64.Build.0 = Release|x64
		{B8A83663-473C-4257-99E6-58B09D60A854}.Release|x86.ActiveCfg = Release|Win32
		{B8A83663-473C-4257-99E6-58B09D60A854}.Release|x86.Build.0 = Release|Win32
		{404782C0-E176-4D0C-B9EF-D593C9CA097E}.Debug|x64.ActiveCfg = Debug|x64
		{404782C0-E176-4D0C-B9EF-D593C9CA097E}.Debug|x64.Build.0 = Debug|x64
		{404782C0-E176-4D0C-B9EF-D593C9CA097E}.Debug|x86.ActiveCfg = Debug|Win32
		{404782C0-E176-4D0C-B9EF-D593C9CA097E}.Debug|x86.Build.0 = Debug|Win32
		{404782C0-E176-4D0C-B9EF-D593C9CA097E}.Release|x64.ActiveCfg = Release|x64
		{404782C0-E176-4D0C-B9EF-D593C9CA097E}.Release|x64.Build.0 = Release|x64
		{404782C0-E176-4D0C-B9EF-D593C9CA097E}.Release|x86.ActiveCfg = Release|Win32
		{404782C0-E176-4D0C-B9EF-D593C9CA097E}.Release|x86.Build.0 = Release|Win32
		{F1AA9BC9-F6F5-4002-9293-D85E6365CB9C}.Debug|x64.ActiveCfg = Debug|x64
		{F1AA9BC9-F6F5-4002-9293-D85E6365CB9C}.Debug|x64.Build.0 = Debug|x64
		{F1AA9BC9-F6F5-4002-9293-D85E6365CB9C}.Debug|x86.ActiveCfg = Debug|Win32
		{F1AA9BC9-F6F5-4002-9293-D85E6365CB9C}.Debug|x86.Build.0 = Debug|Win32
		{F1AA9BC9-F6F5-4002-9293-D85E6365CB9C}.Release|x64.ActiveCfg = Release|x64
		{F1AA9BC9-F6F5-4002-9293-D85E6365CB9C}.Release|x64.Build.0 = Release|x64
		{F1AA9BC9-F6F5-4002-9293-D85E6365CB9C}.Release|x86.ActiveCfg = Release|Win32
		{F1AA9BC9-F6F5-4002-9293-D85E6365CB9C}.Release|x86.Build.0 = Release|Win32
	EndGlobalSection
	GlobalSection(SolutionProperties) = preSolution
		HideSolutionNode = FALSE
	EndGlobalSection
	GlobalSection(ExtensibilityGlobals) = postSolution
		SolutionGuid = {F688A033-26A1-48E1-9C09-D465D14E2A80}
	EndGlobalSection
EndGlobal
